
Microsoft Visual Studio Solution File, Format Version 12.00
# Visual Studio 15
VisualStudioVersion = 15.0.27703.2000
MinimumVisualStudioVersion = 10.0.40219.1
Project("{FAE04EC0-301F-11D3-BF4B-00C04F79EFBC}") = "rrs.net", "rrs.net.csproj", "{92C305C3-70CD-4C8E-9DAA-2040E2404C08}"
EndProject
Project("{9A19103F-16F7-4668-BE54-9A1E7A4F7556}") = "rrs.core", "rrs.core.csproj", "{B3C65CC0-C207-4676-AEB3-79E03EA496B0}"
EndProject
Global
	GlobalSection(SolutionConfigurationPlatforms) = preSolution
		Debug|Any CPU = Debug|Any CPU
		Release|Any CPU = Release|Any CPU
	EndGlobalSection
	GlobalSection(ProjectConfigurationPlatforms) = postSolution
		{92C305C3-70CD-4C8E-9DAA-2040E2404C08}.Debug|Any CPU.ActiveCfg = Debug|Any CPU
		{92C305C3-70CD-4C8E-9DAA-2040E2404C08}.Debug|Any CPU.Build.0 = Debug|Any CPU
		{92C305C3-70CD-4C8E-9DAA-2040E2404C08}.Release|Any CPU.ActiveCfg = Release|Any CPU
		{92C305C3-70CD-4C8E-9DAA-2040E2404C08}.Release|Any CPU.Build.0 = Release|Any CPU
		{B3C65CC0-C207-4676-AEB3-79E03EA496B0}.Debug|Any CPU.ActiveCfg = Debug|Any CPU
		{B3C65CC0-C207-4676-AEB3-79E03EA496B0}.Debug|Any CPU.Build.0 = Debug|Any CPU
		{B3C65CC0-C207-4676-AEB3-79E03EA496B0}.Release|Any CPU.ActiveCfg = Release|Any CPU
		{B3C65CC0-C207-4676-AEB3-79E03EA496B0}.Release|Any CPU.Build.0 = Release|Any CPU
	EndGlobalSection
	GlobalSection(SolutionProperties) = preSolution
		HideSolutionNode = FALSE
	EndGlobalSection
	GlobalSection(ExtensibilityGlobals) = postSolution
		SolutionGuid = {C256ED9C-CBF0-455A-9074-004BED506609}
	EndGlobalSection
EndGlobal
